// !$*UTF8*$!
{
	archiveVersion = 1;
	classes = {
	};
	objectVersion = 56;
	objects = {

/* Begin PBXBuildFile section */
		611F4D222F6805D4084294F0 /* Pods_TongueScan_iOS.framework in Frameworks */ = {isa = PBXBuildFile; fileRef = 95BF4C3596C6DC75B05153E6 /* Pods_TongueScan_iOS.framework */; };
		6A105EA12B83401000CFE441 /* Button1View.swift in Sources */ = {isa = PBXBuildFile; fileRef = 6A105EA02B83401000CFE441 /* Button1View.swift */; };
		6A13F4D52B8756A8004A2A56 /* TextDialog.swift in Sources */ = {isa = PBXBuildFile; fileRef = 6A13F4D42B8756A8004A2A56 /* TextDialog.swift */; };
		6A13F4D72B875EC6004A2A56 /* DialogButtonView.swift in Sources */ = {isa = PBXBuildFile; fileRef = 6A13F4D62B875EC6004A2A56 /* DialogButtonView.swift */; };
		6A17AD652C61C9B30032D337 /* iOSCheckboxToggleStyle.swift in Sources */ = {isa = PBXBuildFile; fileRef = 6A17AD642C61C9B30032D337 /* iOSCheckboxToggleStyle.swift */; };
		6A23235E2C28262F0073EB99 /* TextInputView.swift in Sources */ = {isa = PBXBuildFile; fileRef = 6A23235D2C28262F0073EB99 /* TextInputView.swift */; };
		6A2323632C29263D0073EB99 /* APIResponse.swift in Sources */ = {isa = PBXBuildFile; fileRef = 6A2323622C29263D0073EB99 /* APIResponse.swift */; };
		6A2323652C29282B0073EB99 /* LoginModel.swift in Sources */ = {isa = PBXBuildFile; fileRef = 6A2323642C29282B0073EB99 /* LoginModel.swift */; };
		6A2323672C2A63230073EB99 /* SecureTextInputView.swift in Sources */ = {isa = PBXBuildFile; fileRef = 6A2323662C2A63230073EB99 /* SecureTextInputView.swift */; };
		6A2323692C2AA1500073EB99 /* RegisterModel.swift in Sources */ = {isa = PBXBuildFile; fileRef = 6A2323682C2AA1500073EB99 /* RegisterModel.swift */; };
		6A25BAC32C2FCCC000A9568A /* PersonalInfoView.swift in Sources */ = {isa = PBXBuildFile; fileRef = 6A25BAC22C2FCCC000A9568A /* PersonalInfoView.swift */; };
		6A26B6D12B85B0B7006C58C3 /* ButtonStyle.swift in Sources */ = {isa = PBXBuildFile; fileRef = 6A26B6D02B85B0B7006C58C3 /* ButtonStyle.swift */; };
		6A26B6D82B85FDBD006C58C3 /* String.swift in Sources */ = {isa = PBXBuildFile; fileRef = 6A26B6D72B85FDBD006C58C3 /* String.swift */; };
		6A35EE402B2704A900246DE6 /* ImageSlider.swift in Sources */ = {isa = PBXBuildFile; fileRef = 6A35EE3F2B2704A900246DE6 /* ImageSlider.swift */; };
		6A48542C2BA2E12600EBD741 /* ResultViewVM.swift in Sources */ = {isa = PBXBuildFile; fileRef = 6A48542B2BA2E12600EBD741 /* ResultViewVM.swift */; };
		6A4F43252A8DC3C500C0F06D /* CameraManager.swift in Sources */ = {isa = PBXBuildFile; fileRef = 6A4F43222A8DC3C500C0F06D /* CameraManager.swift */; };
		6A4F43262A8DC3C500C0F06D /* FrameManager.swift in Sources */ = {isa = PBXBuildFile; fileRef = 6A4F43232A8DC3C500C0F06D /* FrameManager.swift */; };
		6A4F43272A8DC3C500C0F06D /* CameraError.swift in Sources */ = {isa = PBXBuildFile; fileRef = 6A4F43242A8DC3C500C0F06D /* CameraError.swift */; };
		6A4F43292A8DC7BF00C0F06D /* CGImageExtension.swift in Sources */ = {isa = PBXBuildFile; fileRef = 6A4F431E2A8DC14300C0F06D /* CGImageExtension.swift */; };
		6A5FF0EF2A8A145800CC9905 /* ImageModel.swift in Sources */ = {isa = PBXBuildFile; fileRef = 6A5FF0EE2A8A145800CC9905 /* ImageModel.swift */; };
		6A86F5E62CC63B370071AEBE /* RecommendListView.swift in Sources */ = {isa = PBXBuildFile; fileRef = 6A86F5E52CC63B370071AEBE /* RecommendListView.swift */; };
		6A86F5E82CC647B10071AEBE /* ProductModel.swift in Sources */ = {isa = PBXBuildFile; fileRef = 6A86F5E72CC647B10071AEBE /* ProductModel.swift */; };
		6A8B516A2C27ED87008FF12B /* LoginView.swift in Sources */ = {isa = PBXBuildFile; fileRef = 6A8B51692C27ED87008FF12B /* LoginView.swift */; };
		6A8B516C2C27EDF1008FF12B /* LoginVM.swift in Sources */ = {isa = PBXBuildFile; fileRef = 6A8B516B2C27EDF1008FF12B /* LoginVM.swift */; };
		6A8C546A2B2C4380000356CB /* PreferenceUtil.swift in Sources */ = {isa = PBXBuildFile; fileRef = 6A8C54692B2C4380000356CB /* PreferenceUtil.swift */; };
		6A8C546C2B32E6B6000356CB /* ImageDialog.swift in Sources */ = {isa = PBXBuildFile; fileRef = 6A8C546B2B32E6B6000356CB /* ImageDialog.swift */; };
		6AAB4CBD2C8574A200A1487E /* ClearButton.swift in Sources */ = {isa = PBXBuildFile; fileRef = 6AAB4CBC2C8574A200A1487E /* ClearButton.swift */; };
		6ADEC9C42F19F34500A8B428 /* Assets.xcassets in Resources */ = {isa = PBXBuildFile; fileRef = 6ADEC9C32F19F34500A8B428 /* Assets.xcassets */; };
		6AE05B9F2AAAF70300A3E5B7 /* YoloUtil.swift in Sources */ = {isa = PBXBuildFile; fileRef = 6AE05B9E2AAAF70300A3E5B7 /* YoloUtil.swift */; };
		6AE05BA12AAAF74B00A3E5B7 /* v8.mlpackage in Sources */ = {isa = PBXBuildFile; fileRef = 6AE05BA02AAAF74B00A3E5B7 /* v8.mlpackage */; };
		6AEE15992CBCF69700886D4F /* DummyModel.swift in Sources */ = {isa = PBXBuildFile; fileRef = 6AEE15982CBCF69700886D4F /* DummyModel.swift */; };
		6AEE159B2CBCFC5B00886D4F /* ContentViewVM.swift in Sources */ = {isa = PBXBuildFile; fileRef = 6AEE159A2CBCFC5B00886D4F /* ContentViewVM.swift */; };
		6AEE159D2CBE71A800886D4F /* PersonalInfoViewVM.swift in Sources */ = {isa = PBXBuildFile; fileRef = 6AEE159C2CBE71A800886D4F /* PersonalInfoViewVM.swift */; };
		A4C151F1EA7D80D863514CB5 /* Pods_TongueScan_iOSTests.framework in Frameworks */ = {isa = PBXBuildFile; fileRef = 6C9EBC5FA06CBE588D8BA9F0 /* Pods_TongueScan_iOSTests.framework */; };
		A5A12A37998C5239F6E62A92 /* Pods_TongueScan_iOS_TongueScan_iOSUITests.framework in Frameworks */ = {isa = PBXBuildFile; fileRef = E35A5B3F907ABFA8850789A6 /* Pods_TongueScan_iOS_TongueScan_iOSUITests.framework */; };
		CE9036C02A32DFDC00184900 /* Localizable.strings in Resources */ = {isa = PBXBuildFile; fileRef = CE9036C22A32DFDC00184900 /* Localizable.strings */; };
		CE9036CB2A33141000184900 /* CameraView.swift in Sources */ = {isa = PBXBuildFile; fileRef = CE9036CA2A33141000184900 /* CameraView.swift */; };
		CE9036D62A36C67300184900 /* Constant.swift in Sources */ = {isa = PBXBuildFile; fileRef = CE9036D52A36C67300184900 /* Constant.swift */; };
		CE9036D92A36C82A00184900 /* Webservice.swift in Sources */ = {isa = PBXBuildFile; fileRef = CE9036D82A36C82A00184900 /* Webservice.swift */; };
		CE9036DB2A3819CB00184900 /* LoadingView.swift in Sources */ = {isa = PBXBuildFile; fileRef = CE9036DA2A3819CB00184900 /* LoadingView.swift */; };
		CE9036DD2A385F1E00184900 /* ResultView.swift in Sources */ = {isa = PBXBuildFile; fileRef = CE9036DC2A385F1E00184900 /* ResultView.swift */; };
		CE9036DF2A395B5D00184900 /* UploadImagesResult.swift in Sources */ = {isa = PBXBuildFile; fileRef = CE9036DE2A395B5D00184900 /* UploadImagesResult.swift */; };
		CE9036E22A39951700184900 /* HomeVM.swift in Sources */ = {isa = PBXBuildFile; fileRef = CE9036E12A39951700184900 /* HomeVM.swift */; };
		CE9036E42A404F4E00184900 /* WebView.swift in Sources */ = {isa = PBXBuildFile; fileRef = CE9036E32A404F4E00184900 /* WebView.swift */; };
		CE9036F52A41577A00184900 /* ErrorView.swift in Sources */ = {isa = PBXBuildFile; fileRef = CE9036F12A41577A00184900 /* ErrorView.swift */; };
		CE9036F62A41577A00184900 /* FrameView.swift in Sources */ = {isa = PBXBuildFile; fileRef = CE9036F22A41577A00184900 /* FrameView.swift */; };
		CE9691E82A4168930067AE4A /* InfoPlist.strings in Resources */ = {isa = PBXBuildFile; fileRef = CE9691EA2A4168930067AE4A /* InfoPlist.strings */; };
		CE96E2992A31DBC000EFE49C /* tongueScan_iOSApp.swift in Sources */ = {isa = PBXBuildFile; fileRef = CE96E2982A31DBC000EFE49C /* tongueScan_iOSApp.swift */; };
		CE96E29B2A31DBC000EFE49C /* ContentView.swift in Sources */ = {isa = PBXBuildFile; fileRef = CE96E29A2A31DBC000EFE49C /* ContentView.swift */; };
		CE96E2A12A31DBC200EFE49C /* Preview Assets.xcassets in Resources */ = {isa = PBXBuildFile; fileRef = CE96E2A02A31DBC200EFE49C /* Preview Assets.xcassets */; };
		CE96E2AB2A31DBC200EFE49C /* tongueScan_iOSTests.swift in Sources */ = {isa = PBXBuildFile; fileRef = CE96E2AA2A31DBC200EFE49C /* tongueScan_iOSTests.swift */; };
		CE96E2B52A31DBC200EFE49C /* tongueScan_iOSUITests.swift in Sources */ = {isa = PBXBuildFile; fileRef = CE96E2B42A31DBC200EFE49C /* tongueScan_iOSUITests.swift */; };
		CE96E2B72A31DBC200EFE49C /* tongueScan_iOSUITestsLaunchTests.swift in Sources */ = {isa = PBXBuildFile; fileRef = CE96E2B62A31DBC200EFE49C /* tongueScan_iOSUITestsLaunchTests.swift */; };
		CE96E2C52A32C78A00EFE49C /* HomeView.swift in Sources */ = {isa = PBXBuildFile; fileRef = CE96E2C42A32C78A00EFE49C /* HomeView.swift */; };
		CE96E2C82A32D2EA00EFE49C /* CardView.swift in Sources */ = {isa = PBXBuildFile; fileRef = CE96E2C72A32D2EA00EFE49C /* CardView.swift */; };
		CEDBAB742A415C30004C2947 /* CameraViewVM.swift in Sources */ = {isa = PBXBuildFile; fileRef = CEDBAB732A415C30004C2947 /* CameraViewVM.swift */; };
/* End PBXBuildFile section */

/* Begin PBXBuildRule section */
																									/* End PBXBuildRule section */

/* Begin PBXContainerItemProxy section */
		CE96E2A72A31DBC200EFE49C /* PBXContainerItemProxy */ = {
			isa = PBXContainerItemProxy;
			containerPortal = CE96E28D2A31DBC000EFE49C /* Project object */;
			proxyType = 1;
			remoteGlobalIDString = CE96E2942A31DBC000EFE49C;
			remoteInfo = tongueRecognition_iOS;
		};
		CE96E2B12A31DBC200EFE49C /* PBXContainerItemProxy */ = {
			isa = PBXContainerItemProxy;
			containerPortal = CE96E28D2A31DBC000EFE49C /* Project object */;
			proxyType = 1;
			remoteGlobalIDString = CE96E2942A31DBC000EFE49C;
			remoteInfo = tongueRecognition_iOS;
		};
/* End PBXContainerItemProxy section */

/* Begin PBXFileReference section */
		241C929A0D7B6A7E3F37EB63 /* Pods-TongueScan_iOS.release.xcconfig */ = {isa = PBXFileReference; includeInIndex = 1; lastKnownFileType = text.xcconfig; name = "Pods-TongueScan_iOS.release.xcconfig"; path = "Target Support Files/Pods-TongueScan_iOS/Pods-TongueScan_iOS.release.xcconfig"; sourceTree = "<group>"; };
		4907DAC2236C6F755DAB643F /* Pods-TongueScan_iOSTests.debug.xcconfig */ = {isa = PBXFileReference; includeInIndex = 1; lastKnownFileType = text.xcconfig; name = "Pods-TongueScan_iOSTests.debug.xcconfig"; path = "Target Support Files/Pods-TongueScan_iOSTests/Pods-TongueScan_iOSTests.debug.xcconfig"; sourceTree = "<group>"; };
		6A105EA02B83401000CFE441 /* Button1View.swift */ = {isa = PBXFileReference; lastKnownFileType = sourcecode.swift; path = Button1View.swift; sourceTree = "<group>"; };
		6A134F332BA7EB22001A8DD0 /* zh-Hans */ = {isa = PBXFileReference; lastKnownFileType = text.plist.strings; name = "zh-Hans"; path = "zh-Hans.lproj/InfoPlist.strings"; sourceTree = "<group>"; };
		6A134F342BA7EB22001A8DD0 /* zh-Hans */ = {isa = PBXFileReference; lastKnownFileType = text.plist.strings; name = "zh-Hans"; path = "zh-Hans.lproj/Localizable.strings"; sourceTree = "<group>"; };
		6A13F4D42B8756A8004A2A56 /* TextDialog.swift */ = {isa = PBXFileReference; lastKnownFileType = sourcecode.swift; path = TextDialog.swift; sourceTree = "<group>"; };
		6A13F4D62B875EC6004A2A56 /* DialogButtonView.swift */ = {isa = PBXFileReference; lastKnownFileType = sourcecode.swift; path = DialogButtonView.swift; sourceTree = "<group>"; };
		6A17AD642C61C9B30032D337 /* iOSCheckboxToggleStyle.swift */ = {isa = PBXFileReference; lastKnownFileType = sourcecode.swift; path = iOSCheckboxToggleStyle.swift; sourceTree = "<group>"; };
		6A23235D2C28262F0073EB99 /* TextInputView.swift */ = {isa = PBXFileReference; lastKnownFileType = sourcecode.swift; path = TextInputView.swift; sourceTree = "<group>"; };
		6A2323622C29263D0073EB99 /* APIResponse.swift */ = {isa = PBXFileReference; lastKnownFileType = sourcecode.swift; path = APIResponse.swift; sourceTree = "<group>"; };
		6A2323642C29282B0073EB99 /* LoginModel.swift */ = {isa = PBXFileReference; lastKnownFileType = sourcecode.swift; path = LoginModel.swift; sourceTree = "<group>"; };
		6A2323662C2A63230073EB99 /* SecureTextInputView.swift */ = {isa = PBXFileReference; lastKnownFileType = sourcecode.swift; path = SecureTextInputView.swift; sourceTree = "<group>"; };
		6A2323682C2AA1500073EB99 /* RegisterModel.swift */ = {isa = PBXFileReference; lastKnownFileType = sourcecode.swift; path = RegisterModel.swift; sourceTree = "<group>"; };
		6A25BAC22C2FCCC000A9568A /* PersonalInfoView.swift */ = {isa = PBXFileReference; lastKnownFileType = sourcecode.swift; path = PersonalInfoView.swift; sourceTree = "<group>"; };
		6A26B6D02B85B0B7006C58C3 /* ButtonStyle.swift */ = {isa = PBXFileReference; lastKnownFileType = sourcecode.swift; path = ButtonStyle.swift; sourceTree = "<group>"; };
		6A26B6D72B85FDBD006C58C3 /* String.swift */ = {isa = PBXFileReference; lastKnownFileType = sourcecode.swift; path = String.swift; sourceTree = "<group>"; };
		6A35EE3F2B2704A900246DE6 /* ImageSlider.swift */ = {isa = PBXFileReference; lastKnownFileType = sourcecode.swift; path = ImageSlider.swift; sourceTree = "<group>"; };
		6A48542B2BA2E12600EBD741 /* ResultViewVM.swift */ = {isa = PBXFileReference; lastKnownFileType = sourcecode.swift; path = ResultViewVM.swift; sourceTree = "<group>"; };
		6A4F431E2A8DC14300C0F06D /* CGImageExtension.swift */ = {isa = PBXFileReference; lastKnownFileType = sourcecode.swift; path = CGImageExtension.swift; sourceTree = "<group>"; };
		6A4F43222A8DC3C500C0F06D /* CameraManager.swift */ = {isa = PBXFileReference; fileEncoding = 4; lastKnownFileType = sourcecode.swift; path = CameraManager.swift; sourceTree = "<group>"; };
		6A4F43232A8DC3C500C0F06D /* FrameManager.swift */ = {isa = PBXFileReference; fileEncoding = 4; lastKnownFileType = sourcecode.swift; path = FrameManager.swift; sourceTree = "<group>"; };
		6A4F43242A8DC3C500C0F06D /* CameraError.swift */ = {isa = PBXFileReference; fileEncoding = 4; lastKnownFileType = sourcecode.swift; path = CameraError.swift; sourceTree = "<group>"; };
		6A5FF0EE2A8A145800CC9905 /* ImageModel.swift */ = {isa = PBXFileReference; fileEncoding = 4; lastKnownFileType = sourcecode.swift; path = ImageModel.swift; sourceTree = "<group>"; };
		6A86F5E52CC63B370071AEBE /* RecommendListView.swift */ = {isa = PBXFileReference; lastKnownFileType = sourcecode.swift; path = RecommendListView.swift; sourceTree = "<group>"; };
		6A86F5E72CC647B10071AEBE /* ProductModel.swift */ = {isa = PBXFileReference; lastKnownFileType = sourcecode.swift; path = ProductModel.swift; sourceTree = "<group>"; };
		6A8B51692C27ED87008FF12B /* LoginView.swift */ = {isa = PBXFileReference; lastKnownFileType = sourcecode.swift; path = LoginView.swift; sourceTree = "<group>"; };
		6A8B516B2C27EDF1008FF12B /* LoginVM.swift */ = {isa = PBXFileReference; lastKnownFileType = sourcecode.swift; path = LoginVM.swift; sourceTree = "<group>"; };
		6A8C54692B2C4380000356CB /* PreferenceUtil.swift */ = {isa = PBXFileReference; lastKnownFileType = sourcecode.swift; path = PreferenceUtil.swift; sourceTree = "<group>"; };
		6A8C546B2B32E6B6000356CB /* ImageDialog.swift */ = {isa = PBXFileReference; lastKnownFileType = sourcecode.swift; path = ImageDialog.swift; sourceTree = "<group>"; };
		6AAB4CBC2C8574A200A1487E /* ClearButton.swift */ = {isa = PBXFileReference; lastKnownFileType = sourcecode.swift; path = ClearButton.swift; sourceTree = "<group>"; };
		6AD8E8982B33FACD00D90D99 /* zh-HK */ = {isa = PBXFileReference; lastKnownFileType = text.plist.strings; name = "zh-HK"; path = "zh-HK.lproj/InfoPlist.strings"; sourceTree = "<group>"; };
		6AD8E8992B33FACD00D90D99 /* zh-HK */ = {isa = PBXFileReference; lastKnownFileType = text.plist.strings; name = "zh-HK"; path = "zh-HK.lproj/Localizable.strings"; sourceTree = "<group>"; };
		6ADEC9C32F19F34500A8B428 /* Assets.xcassets */ = {isa = PBXFileReference; lastKnownFileType = folder.assetcatalog; path = Assets.xcassets; sourceTree = "<group>"; };
		6AE05B9E2AAAF70300A3E5B7 /* YoloUtil.swift */ = {isa = PBXFileReference; lastKnownFileType = sourcecode.swift; path = YoloUtil.swift; sourceTree = "<group>"; };
		6AE05BA02AAAF74B00A3E5B7 /* v8.mlpackage */ = {isa = PBXFileReference; lastKnownFileType = folder.mlpackage; path = v8.mlpackage; sourceTree = "<group>"; };
		6AEE15982CBCF69700886D4F /* DummyModel.swift */ = {isa = PBXFileReference; lastKnownFileType = sourcecode.swift; path = DummyModel.swift; sourceTree = "<group>"; };
		6AEE159A2CBCFC5B00886D4F /* ContentViewVM.swift */ = {isa = PBXFileReference; lastKnownFileType = sourcecode.swift; path = ContentViewVM.swift; sourceTree = "<group>"; };
		6AEE159C2CBE71A800886D4F /* PersonalInfoViewVM.swift */ = {isa = PBXFileReference; lastKnownFileType = sourcecode.swift; path = PersonalInfoViewVM.swift; sourceTree = "<group>"; };
		6C9EBC5FA06CBE588D8BA9F0 /* Pods_TongueScan_iOSTests.framework */ = {isa = PBXFileReference; explicitFileType = wrapper.framework; includeInIndex = 0; path = Pods_TongueScan_iOSTests.framework; sourceTree = BUILT_PRODUCTS_DIR; };
		779DC52BC96D5BB95A135F20 /* Pods-TongueScan_iOSTests.release.xcconfig */ = {isa = PBXFileReference; includeInIndex = 1; lastKnownFileType = text.xcconfig; name = "Pods-TongueScan_iOSTests.release.xcconfig"; path = "Target Support Files/Pods-TongueScan_iOSTests/Pods-TongueScan_iOSTests.release.xcconfig"; sourceTree = "<group>"; };
		95BF4C3596C6DC75B05153E6 /* Pods_TongueScan_iOS.framework */ = {isa = PBXFileReference; explicitFileType = wrapper.framework; includeInIndex = 0; path = Pods_TongueScan_iOS.framework; sourceTree = BUILT_PRODUCTS_DIR; };
		AA24AA0D9E490EC8159D4056 /* Pods-TongueScan_iOS-TongueScan_iOSUITests.debug.xcconfig */ = {isa = PBXFileReference; includeInIndex = 1; lastKnownFileType = text.xcconfig; name = "Pods-TongueScan_iOS-TongueScan_iOSUITests.debug.xcconfig"; path = "Target Support Files/Pods-TongueScan_iOS-TongueScan_iOSUITests/Pods-TongueScan_iOS-TongueScan_iOSUITests.debug.xcconfig"; sourceTree = "<group>"; };
		B759F9E738ABE739DBB7456A /* Pods-TongueScan_iOS-TongueScan_iOSUITests.release.xcconfig */ = {isa = PBXFileReference; includeInIndex = 1; lastKnownFileType = text.xcconfig; name = "Pods-TongueScan_iOS-TongueScan_iOSUITests.release.xcconfig"; path = "Target Support Files/Pods-TongueScan_iOS-TongueScan_iOSUITests/Pods-TongueScan_iOS-TongueScan_iOSUITests.release.xcconfig"; sourceTree = "<group>"; };
		CE9036C12A32DFDC00184900 /* en */ = {isa = PBXFileReference; lastKnownFileType = text.plist.strings; name = en; path = en.lproj/Localizable.strings; sourceTree = "<group>"; };
		CE9036CA2A33141000184900 /* CameraView.swift */ = {isa = PBXFileReference; lastKnownFileType = sourcecode.swift; path = CameraView.swift; sourceTree = "<group>"; };
		CE9036D52A36C67300184900 /* Constant.swift */ = {isa = PBXFileReference; lastKnownFileType = sourcecode.swift; path = Constant.swift; sourceTree = "<group>"; };
		CE9036D82A36C82A00184900 /* Webservice.swift */ = {isa = PBXFileReference; lastKnownFileType = sourcecode.swift; path = Webservice.swift; sourceTree = "<group>"; };
		CE9036DA2A3819CB00184900 /* LoadingView.swift */ = {isa = PBXFileReference; fileEncoding = 4; lastKnownFileType = sourcecode.swift; path = LoadingView.swift; sourceTree = "<group>"; };
		CE9036DC2A385F1E00184900 /* ResultView.swift */ = {isa = PBXFileReference; lastKnownFileType = sourcecode.swift; path = ResultView.swift; sourceTree = "<group>"; };
		CE9036DE2A395B5D00184900 /* UploadImagesResult.swift */ = {isa = PBXFileReference; lastKnownFileType = sourcecode.swift; path = UploadImagesResult.swift; sourceTree = "<group>"; };
		CE9036E12A39951700184900 /* HomeVM.swift */ = {isa = PBXFileReference; lastKnownFileType = sourcecode.swift; path = HomeVM.swift; sourceTree = "<group>"; };
		CE9036E32A404F4E00184900 /* WebView.swift */ = {isa = PBXFileReference; lastKnownFileType = sourcecode.swift; path = WebView.swift; sourceTree = "<group>"; };
		CE9036F12A41577A00184900 /* ErrorView.swift */ = {isa = PBXFileReference; fileEncoding = 4; lastKnownFileType = sourcecode.swift; path = ErrorView.swift; sourceTree = "<group>"; };
		CE9036F22A41577A00184900 /* FrameView.swift */ = {isa = PBXFileReference; fileEncoding = 4; lastKnownFileType = sourcecode.swift; path = FrameView.swift; sourceTree = "<group>"; };
		CE9691E52A41674E0067AE4A /* tongueScan-iOS-Info.plist */ = {isa = PBXFileReference; lastKnownFileType = text.plist.xml; path = "tongueScan-iOS-Info.plist"; sourceTree = SOURCE_ROOT; };
		CE9691EB2A4168990067AE4A /* en */ = {isa = PBXFileReference; lastKnownFileType = text.plist.strings; name = en; path = en.lproj/InfoPlist.strings; sourceTree = "<group>"; };
		CE96E2952A31DBC000EFE49C /* TongueScan.app */ = {isa = PBXFileReference; explicitFileType = wrapper.application; includeInIndex = 0; path = TongueScan.app; sourceTree = BUILT_PRODUCTS_DIR; };
		CE96E2982A31DBC000EFE49C /* tongueScan_iOSApp.swift */ = {isa = PBXFileReference; lastKnownFileType = sourcecode.swift; path = tongueScan_iOSApp.swift; sourceTree = "<group>"; };
		CE96E29A2A31DBC000EFE49C /* ContentView.swift */ = {isa = PBXFileReference; lastKnownFileType = sourcecode.swift; path = ContentView.swift; sourceTree = "<group>"; };
		CE96E29E2A31DBC200EFE49C /* tongueScan_iOS.entitlements */ = {isa = PBXFileReference; lastKnownFileType = text.plist.entitlements; path = tongueScan_iOS.entitlements; sourceTree = "<group>"; };
		CE96E2A02A31DBC200EFE49C /* Preview Assets.xcassets */ = {isa = PBXFileReference; lastKnownFileType = folder.assetcatalog; path = "Preview Assets.xcassets"; sourceTree = "<group>"; };
		CE96E2A62A31DBC200EFE49C /* TongueScan_iOSTests.xctest */ = {isa = PBXFileReference; explicitFileType = wrapper.cfbundle; includeInIndex = 0; path = TongueScan_iOSTests.xctest; sourceTree = BUILT_PRODUCTS_DIR; };
		CE96E2AA2A31DBC200EFE49C /* tongueScan_iOSTests.swift */ = {isa = PBXFileReference; lastKnownFileType = sourcecode.swift; path = tongueScan_iOSTests.swift; sourceTree = "<group>"; };
		CE96E2B02A31DBC200EFE49C /* TongueScan_iOSUITests.xctest */ = {isa = PBXFileReference; explicitFileType = wrapper.cfbundle; includeInIndex = 0; path = TongueScan_iOSUITests.xctest; sourceTree = BUILT_PRODUCTS_DIR; };
		CE96E2B42A31DBC200EFE49C /* tongueScan_iOSUITests.swift */ = {isa = PBXFileReference; lastKnownFileType = sourcecode.swift; path = tongueScan_iOSUITests.swift; sourceTree = "<group>"; };
		CE96E2B62A31DBC200EFE49C /* tongueScan_iOSUITestsLaunchTests.swift */ = {isa = PBXFileReference; lastKnownFileType = sourcecode.swift; path = tongueScan_iOSUITestsLaunchTests.swift; sourceTree = "<group>"; };
		CE96E2C42A32C78A00EFE49C /* HomeView.swift */ = {isa = PBXFileReference; lastKnownFileType = sourcecode.swift; path = HomeView.swift; sourceTree = "<group>"; };
		CE96E2C72A32D2EA00EFE49C /* CardView.swift */ = {isa = PBXFileReference; lastKnownFileType = sourcecode.swift; path = CardView.swift; sourceTree = "<group>"; };
		CEDBAB732A415C30004C2947 /* CameraViewVM.swift */ = {isa = PBXFileReference; fileEncoding = 4; lastKnownFileType = sourcecode.swift; path = CameraViewVM.swift; sourceTree = "<group>"; };
		E35A5B3F907ABFA8850789A6 /* Pods_TongueScan_iOS_TongueScan_iOSUITests.framework */ = {isa = PBXFileReference; explicitFileType = wrapper.framework; includeInIndex = 0; path = Pods_TongueScan_iOS_TongueScan_iOSUITests.framework; sourceTree = BUILT_PRODUCTS_DIR; };
		FCA5AC0299C92A57C656425C /* Pods-TongueScan_iOS.debug.xcconfig */ = {isa = PBXFileReference; includeInIndex = 1; lastKnownFileType = text.xcconfig; name = "Pods-TongueScan_iOS.debug.xcconfig"; path = "Target Support Files/Pods-TongueScan_iOS/Pods-TongueScan_iOS.debug.xcconfig"; sourceTree = "<group>"; };
/* End PBXFileReference section */

/* Begin PBXFrameworksBuildPhase section */
		CE96E2922A31DBC000EFE49C /* Frameworks */ = {
			isa = PBXFrameworksBuildPhase;
			buildActionMask = 2147483647;
			files = (
				611F4D222F6805D4084294F0 /* Pods_TongueScan_iOS.framework in Frameworks */,
			);
			runOnlyForDeploymentPostprocessing = 0;
		};
		CE96E2A32A31DBC200EFE49C /* Frameworks */ = {
			isa = PBXFrameworksBuildPhase;
			buildActionMask = 2147483647;
			files = (
				A4C151F1EA7D80D863514CB5 /* Pods_TongueScan_iOSTests.framework in Frameworks */,
			);
			runOnlyForDeploymentPostprocessing = 0;
		};
		CE96E2AD2A31DBC200EFE49C /* Frameworks */ = {
			isa = PBXFrameworksBuildPhase;
			buildActionMask = 2147483647;
			files = (
				A5A12A37998C5239F6E62A92 /* Pods_TongueScan_iOS_TongueScan_iOSUITests.framework in Frameworks */,
			);
			runOnlyForDeploymentPostprocessing = 0;
		};
/* End PBXFrameworksBuildPhase section */

/* Begin PBXGroup section */
		36CE1DAA8CDDE43A124BB77A /* Frameworks */ = {
			isa = PBXGroup;
			children = (
				95BF4C3596C6DC75B05153E6 /* Pods_TongueScan_iOS.framework */,
				E35A5B3F907ABFA8850789A6 /* Pods_TongueScan_iOS_TongueScan_iOSUITests.framework */,
				6C9EBC5FA06CBE588D8BA9F0 /* Pods_TongueScan_iOSTests.framework */,
			);
			name = Frameworks;
			sourceTree = "<group>";
		};
		6A2323612C2926260073EB99 /* network */ = {
			isa = PBXGroup;
			children = (
				6A2323622C29263D0073EB99 /* APIResponse.swift */,
			);
			path = network;
			sourceTree = "<group>";
		};
		6A25BAC12C2FCC9600A9568A /* PersonalInfoView */ = {
			isa = PBXGroup;
			children = (
				6A25BAC22C2FCCC000A9568A /* PersonalInfoView.swift */,
				6AEE159C2CBE71A800886D4F /* PersonalInfoViewVM.swift */,
			);
			path = PersonalInfoView;
			sourceTree = "<group>";
		};
		6A26B6D22B85B553006C58C3 /* style */ = {
			isa = PBXGroup;
			children = (
				6A26B6D02B85B0B7006C58C3 /* ButtonStyle.swift */,
			);
			path = style;
			sourceTree = "<group>";
		};
		6A26B6D62B85FDAD006C58C3 /* extension */ = {
			isa = PBXGroup;
			children = (
				6A26B6D72B85FDBD006C58C3 /* String.swift */,
			);
			path = extension;
			sourceTree = "<group>";
		};
		6A48542A2BA2DB9200EBD741 /* ResultView */ = {
			isa = PBXGroup;
			children = (
				CE9036DC2A385F1E00184900 /* ResultView.swift */,
				6A48542B2BA2E12600EBD741 /* ResultViewVM.swift */,
			);
			path = ResultView;
			sourceTree = "<group>";
		};
		6A4F43212A8DC3B300C0F06D /* Camera */ = {
			isa = PBXGroup;
			children = (
				6A4F43242A8DC3C500C0F06D /* CameraError.swift */,
				6A4F43222A8DC3C500C0F06D /* CameraManager.swift */,
				6A4F43232A8DC3C500C0F06D /* FrameManager.swift */,
			);
			path = Camera;
			sourceTree = "<group>";
		};
		6A4F43282A8DC6EF00C0F06D /* Extension */ = {
			isa = PBXGroup;
			children = (
				6A4F431E2A8DC14300C0F06D /* CGImageExtension.swift */,
			);
			path = Extension;
			sourceTree = "<group>";
		};
		6A8B51682C27ECEB008FF12B /* LoginView */ = {
			isa = PBXGroup;
			children = (
				6A8B51692C27ED87008FF12B /* LoginView.swift */,
				6A8B516B2C27EDF1008FF12B /* LoginVM.swift */,
			);
			path = LoginView;
			sourceTree = "<group>";
		};
		6AE05B9D2AAAF6E400A3E5B7 /* util */ = {
			isa = PBXGroup;
			children = (
				6AE05B9E2AAAF70300A3E5B7 /* YoloUtil.swift */,
				6AE05BA02AAAF74B00A3E5B7 /* v8.mlpackage */,
				6A8C54692B2C4380000356CB /* PreferenceUtil.swift */,
			);
			path = util;
			sourceTree = "<group>";
		};
		A1972D036BBDC41AE708FDE4 /* Pods */ = {
			isa = PBXGroup;
			children = (
				FCA5AC0299C92A57C656425C /* Pods-TongueScan_iOS.debug.xcconfig */,
				241C929A0D7B6A7E3F37EB63 /* Pods-TongueScan_iOS.release.xcconfig */,
				AA24AA0D9E490EC8159D4056 /* Pods-TongueScan_iOS-TongueScan_iOSUITests.debug.xcconfig */,
				B759F9E738ABE739DBB7456A /* Pods-TongueScan_iOS-TongueScan_iOSUITests.release.xcconfig */,
				4907DAC2236C6F755DAB643F /* Pods-TongueScan_iOSTests.debug.xcconfig */,
				779DC52BC96D5BB95A135F20 /* Pods-TongueScan_iOSTests.release.xcconfig */,
			);
			path = Pods;
			sourceTree = "<group>";
		};
		CE9036D22A36C3FC00184900 /* model */ = {
			isa = PBXGroup;
			children = (
				6A2323612C2926260073EB99 /* network */,
				6A2323682C2AA1500073EB99 /* RegisterModel.swift */,
				6A5FF0EE2A8A145800CC9905 /* ImageModel.swift */,
				CE9036DE2A395B5D00184900 /* UploadImagesResult.swift */,
				6A2323642C29282B0073EB99 /* LoginModel.swift */,
				6A86F5E72CC647B10071AEBE /* ProductModel.swift */,
			);
			path = model;
			sourceTree = "<group>";
		};
		CE9036D72A36C78900184900 /* network */ = {
			isa = PBXGroup;
			children = (
				CE9036D82A36C82A00184900 /* Webservice.swift */,
				6AEE15982CBCF69700886D4F /* DummyModel.swift */,
			);
			path = network;
			sourceTree = "<group>";
		};
		CE9036E02A39950200184900 /* HomeView */ = {
			isa = PBXGroup;
			children = (
				CE96E2C42A32C78A00EFE49C /* HomeView.swift */,
				CE9036E12A39951700184900 /* HomeVM.swift */,
			);
			path = HomeView;
			sourceTree = "<group>";
		};
		CE9036E52A41432600184900 /* CameraView */ = {
			isa = PBXGroup;
			children = (
				6A4F43282A8DC6EF00C0F06D /* Extension */,
				6A4F43212A8DC3B300C0F06D /* Camera */,
				CEDBAB732A415C30004C2947 /* CameraViewVM.swift */,
				CE9036CA2A33141000184900 /* CameraView.swift */,
				CE9036F12A41577A00184900 /* ErrorView.swift */,
				CE9036F22A41577A00184900 /* FrameView.swift */,
			);
			path = CameraView;
			sourceTree = "<group>";
		};
		CE96E28C2A31DBC000EFE49C = {
			isa = PBXGroup;
			children = (
				6ADEC9C32F19F34500A8B428 /* Assets.xcassets */,
				CE9691EA2A4168930067AE4A /* InfoPlist.strings */,
				CE9036C22A32DFDC00184900 /* Localizable.strings */,
				CE96E2972A31DBC000EFE49C /* tongueScan_iOS */,
				CE96E2A92A31DBC200EFE49C /* tongueScan_iOSTests */,
				CE96E2B32A31DBC200EFE49C /* tongueScan_iOSUITests */,
				CE96E2962A31DBC000EFE49C /* Products */,
				A1972D036BBDC41AE708FDE4 /* Pods */,
				36CE1DAA8CDDE43A124BB77A /* Frameworks */,
			);
			sourceTree = "<group>";
		};
		CE96E2962A31DBC000EFE49C /* Products */ = {
			isa = PBXGroup;
			children = (
				CE96E2952A31DBC000EFE49C /* TongueScan.app */,
				CE96E2A62A31DBC200EFE49C /* TongueScan_iOSTests.xctest */,
				CE96E2B02A31DBC200EFE49C /* TongueScan_iOSUITests.xctest */,
			);
			name = Products;
			sourceTree = "<group>";
		};
		CE96E2972A31DBC000EFE49C /* tongueScan_iOS */ = {
			isa = PBXGroup;
			children = (
				6A26B6D62B85FDAD006C58C3 /* extension */,
				6A26B6D22B85B553006C58C3 /* style */,
				6AE05B9D2AAAF6E400A3E5B7 /* util */,
				CE9691E52A41674E0067AE4A /* tongueScan-iOS-Info.plist */,
				CE9036D72A36C78900184900 /* network */,
				CE9036D22A36C3FC00184900 /* model */,
				CE96E2C62A32D2D800EFE49C /* widget */,
				CE96E2C32A32C6A300EFE49C /* view */,
				CE96E2982A31DBC000EFE49C /* tongueScan_iOSApp.swift */,
				CE96E29A2A31DBC000EFE49C /* ContentView.swift */,
				6AEE159A2CBCFC5B00886D4F /* ContentViewVM.swift */,
				CE96E29E2A31DBC200EFE49C /* tongueScan_iOS.entitlements */,
				CE96E29F2A31DBC200EFE49C /* Preview Content */,
				CE9036D52A36C67300184900 /* Constant.swift */,
			);
			path = tongueScan_iOS;
			sourceTree = "<group>";
		};
		CE96E29F2A31DBC200EFE49C /* Preview Content */ = {
			isa = PBXGroup;
			children = (
				CE96E2A02A31DBC200EFE49C /* Preview Assets.xcassets */,
			);
			path = "Preview Content";
			sourceTree = "<group>";
		};
		CE96E2A92A31DBC200EFE49C /* tongueScan_iOSTests */ = {
			isa = PBXGroup;
			children = (
				CE96E2AA2A31DBC200EFE49C /* tongueScan_iOSTests.swift */,
			);
			path = tongueScan_iOSTests;
			sourceTree = "<group>";
		};
		CE96E2B32A31DBC200EFE49C /* tongueScan_iOSUITests */ = {
			isa = PBXGroup;
			children = (
				CE96E2B42A31DBC200EFE49C /* tongueScan_iOSUITests.swift */,
				CE96E2B62A31DBC200EFE49C /* tongueScan_iOSUITestsLaunchTests.swift */,
			);
			path = tongueScan_iOSUITests;
			sourceTree = "<group>";
		};
		CE96E2C32A32C6A300EFE49C /* view */ = {
			isa = PBXGroup;
			children = (
				6A25BAC12C2FCC9600A9568A /* PersonalInfoView */,
				6A8B51682C27ECEB008FF12B /* LoginView */,
				CE9036E52A41432600184900 /* CameraView */,
				CE9036E02A39950200184900 /* HomeView */,
				6A48542A2BA2DB9200EBD741 /* ResultView */,
			);
			path = view;
			sourceTree = "<group>";
		};
		CE96E2C62A32D2D800EFE49C /* widget */ = {
			isa = PBXGroup;
			children = (
				CE96E2C72A32D2EA00EFE49C /* CardView.swift */,
				CE9036DA2A3819CB00184900 /* LoadingView.swift */,
				CE9036E32A404F4E00184900 /* WebView.swift */,
				6A35EE3F2B2704A900246DE6 /* ImageSlider.swift */,
				6A8C546B2B32E6B6000356CB /* ImageDialog.swift */,
				6A105EA02B83401000CFE441 /* Button1View.swift */,
				6A13F4D42B8756A8004A2A56 /* TextDialog.swift */,
				6A13F4D62B875EC6004A2A56 /* DialogButtonView.swift */,
				6A23235D2C28262F0073EB99 /* TextInputView.swift */,
				6A2323662C2A63230073EB99 /* SecureTextInputView.swift */,
				6A17AD642C61C9B30032D337 /* iOSCheckboxToggleStyle.swift */,
				6AAB4CBC2C8574A200A1487E /* ClearButton.swift */,
				6A86F5E52CC63B370071AEBE /* RecommendListView.swift */,
			);
			path = widget;
			sourceTree = "<group>";
		};
/* End PBXGroup section */

/* Begin PBXNativeTarget section */
		CE96E2942A31DBC000EFE49C /* TongueScan_iOS */ = {
			isa = PBXNativeTarget;
			buildConfigurationList = CE96E2BA2A31DBC200EFE49C /* Build configuration list for PBXNativeTarget "TongueScan_iOS" */;
			buildPhases = (
				21D5552F8E289BC0C03824B1 /* [CP] Check Pods Manifest.lock */,
				CE96E2912A31DBC000EFE49C /* Sources */,
				CE96E2922A31DBC000EFE49C /* Frameworks */,
				CE96E2932A31DBC000EFE49C /* Resources */,
				2B43A8A0DA3120C0B89837BF /* [CP] Embed Pods Frameworks */,
			);
			buildRules = (
			);
			dependencies = (
			);
			name = TongueScan_iOS;
			productName = tongueRecognition_iOS;
			productReference = CE96E2952A31DBC000EFE49C /* TongueScan.app */;
			productType = "com.apple.product-type.application";
		};
		CE96E2A52A31DBC200EFE49C /* TongueScan_iOSTests */ = {
			isa = PBXNativeTarget;
			buildConfigurationList = CE96E2BD2A31DBC200EFE49C /* Build configuration list for PBXNativeTarget "TongueScan_iOSTests" */;
			buildPhases = (
				524FC138C5340539F014E14C /* [CP] Check Pods Manifest.lock */,
				CE96E2A22A31DBC200EFE49C /* Sources */,
				CE96E2A32A31DBC200EFE49C /* Frameworks */,
				CE96E2A42A31DBC200EFE49C /* Resources */,
			);
			buildRules = (
			);
			dependencies = (
				CE96E2A82A31DBC200EFE49C /* PBXTargetDependency */,
			);
			name = TongueScan_iOSTests;
			productName = tongueRecognition_iOSTests;
			productReference = CE96E2A62A31DBC200EFE49C /* TongueScan_iOSTests.xctest */;
			productType = "com.apple.product-type.bundle.unit-test";
		};
		CE96E2AF2A31DBC200EFE49C /* TongueScan_iOSUITests */ = {
			isa = PBXNativeTarget;
			buildConfigurationList = CE96E2C02A31DBC200EFE49C /* Build configuration list for PBXNativeTarget "TongueScan_iOSUITests" */;
			buildPhases = (
				0B7163C5EB6207E34AB1D27C /* [CP] Check Pods Manifest.lock */,
				CE96E2AC2A31DBC200EFE49C /* Sources */,
				CE96E2AD2A31DBC200EFE49C /* Frameworks */,
				CE96E2AE2A31DBC200EFE49C /* Resources */,
				B37816ED554EA909BC8D3D17 /* [CP] Embed Pods Frameworks */,
			);
			buildRules = (
			);
			dependencies = (
				CE96E2B22A31DBC200EFE49C /* PBXTargetDependency */,
			);
			name = TongueScan_iOSUITests;
			productName = tongueRecognition_iOSUITests;
			productReference = CE96E2B02A31DBC200EFE49C /* TongueScan_iOSUITests.xctest */;
			productType = "com.apple.product-type.bundle.ui-testing";
		};
/* End PBXNativeTarget section */

/* Begin PBXProject section */
		CE96E28D2A31DBC000EFE49C /* Project object */ = {
			isa = PBXProject;
			attributes = {
				BuildIndependentTargetsInParallel = 1;
				LastSwiftUpdateCheck = 1430;
				LastUpgradeCheck = 1430;
				TargetAttributes = {
					CE96E2942A31DBC000EFE49C = {
						CreatedOnToolsVersion = 14.3;
					};
					CE96E2A52A31DBC200EFE49C = {
						CreatedOnToolsVersion = 14.3;
						TestTargetID = CE96E2942A31DBC000EFE49C;
					};
					CE96E2AF2A31DBC200EFE49C = {
						CreatedOnToolsVersion = 14.3;
						TestTargetID = CE96E2942A31DBC000EFE49C;
					};
				};
			};
			buildConfigurationList = CE96E2902A31DBC000EFE49C /* Build configuration list for PBXProject "TongueScan_iOS" */;
			compatibilityVersion = "Xcode 14.0";
			developmentRegion = "zh-HK";
			hasScannedForEncodings = 0;
			knownRegions = (
				en,
				Base,
				"zh-HK",
				"zh-Hans",
			);
			mainGroup = CE96E28C2A31DBC000EFE49C;
			productRefGroup = CE96E2962A31DBC000EFE49C /* Products */;
			projectDirPath = "";
			projectRoot = "";
			targets = (
				CE96E2942A31DBC000EFE49C /* TongueScan_iOS */,
				CE96E2A52A31DBC200EFE49C /* TongueScan_iOSTests */,
				CE96E2AF2A31DBC200EFE49C /* TongueScan_iOSUITests */,
			);
		};
/* End PBXProject section */

/* Begin PBXResourcesBuildPhase section */
		CE96E2932A31DBC000EFE49C /* Resources */ = {
			isa = PBXResourcesBuildPhase;
			buildActionMask = 2147483647;
			files = (
				CE96E2A12A31DBC200EFE49C /* Preview Assets.xcassets in Resources */,
				CE9691E82A4168930067AE4A /* InfoPlist.strings in Resources */,
				CE9036C02A32DFDC00184900 /* Localizable.strings in Resources */,
				6ADEC9C42F19F34500A8B428 /* Assets.xcassets in Resources */,
			);
			runOnlyForDeploymentPostprocessing = 0;
		};
		CE96E2A42A31DBC200EFE49C /* Resources */ = {
			isa = PBXResourcesBuildPhase;
			buildActionMask = 2147483647;
			files = (
			);
			runOnlyForDeploymentPostprocessing = 0;
		};
		CE96E2AE2A31DBC200EFE49C /* Resources */ = {
			isa = PBXResourcesBuildPhase;
			buildActionMask = 2147483647;
			files = (
			);
			runOnlyForDeploymentPostprocessing = 0;
		};
/* End PBXResourcesBuildPhase section */

/* Begin PBXShellScriptBuildPhase section */
		0B7163C5EB6207E34AB1D27C /* [CP] Check Pods Manifest.lock */ = {
			isa = PBXShellScriptBuildPhase;
			buildActionMask = 2147483647;
			files = (
			);
			inputFileListPaths = (
			);
			inputPaths = (
				"${PODS_PODFILE_DIR_PATH}/Podfile.lock",
				"${PODS_ROOT}/Manifest.lock",
			);
			name = "[CP] Check Pods Manifest.lock";
			outputFileListPaths = (
			);
			outputPaths = (
				"$(DERIVED_FILE_DIR)/Pods-TongueScan_iOS-TongueScan_iOSUITests-checkManifestLockResult.txt",
			);
			runOnlyForDeploymentPostprocessing = 0;
			shellPath = /bin/sh;
			shellScript = "diff \"${PODS_PODFILE_DIR_PATH}/Podfile.lock\" \"${PODS_ROOT}/Manifest.lock\" > /dev/null\nif [ $? != 0 ] ; then\n    # print error to STDERR\n    echo \"error: The sandbox is not in sync with the Podfile.lock. Run 'pod install' or update your CocoaPods installation.\" >&2\n    exit 1\nfi\n# This output is used by Xcode 'outputs' to avoid re-running this script phase.\necho \"SUCCESS\" > \"${SCRIPT_OUTPUT_FILE_0}\"\n";
			showEnvVarsInLog = 0;
		};
		21D5552F8E289BC0C03824B1 /* [CP] Check Pods Manifest.lock */ = {
			isa = PBXShellScriptBuildPhase;
			buildActionMask = 2147483647;
			files = (
			);
			inputFileListPaths = (
			);
			inputPaths = (
				"${PODS_PODFILE_DIR_PATH}/Podfile.lock",
				"${PODS_ROOT}/Manifest.lock",
			);
			name = "[CP] Check Pods Manifest.lock";
			outputFileListPaths = (
			);
			outputPaths = (
				"$(DERIVED_FILE_DIR)/Pods-TongueScan_iOS-checkManifestLockResult.txt",
			);
			runOnlyForDeploymentPostprocessing = 0;
			shellPath = /bin/sh;
			shellScript = "diff \"${PODS_PODFILE_DIR_PATH}/Podfile.lock\" \"${PODS_ROOT}/Manifest.lock\" > /dev/null\nif [ $? != 0 ] ; then\n    # print error to STDERR\n    echo \"error: The sandbox is not in sync with the Podfile.lock. Run 'pod install' or update your CocoaPods installation.\" >&2\n    exit 1\nfi\n# This output is used by Xcode 'outputs' to avoid re-running this script phase.\necho \"SUCCESS\" > \"${SCRIPT_OUTPUT_FILE_0}\"\n";
			showEnvVarsInLog = 0;
		};
		2B43A8A0DA3120C0B89837BF /* [CP] Embed Pods Frameworks */ = {
			isa = PBXShellScriptBuildPhase;
			buildActionMask = 2147483647;
			files = (
			);
			inputFileListPaths = (
				"${PODS_ROOT}/Target Support Files/Pods-TongueScan_iOS/Pods-TongueScan_iOS-frameworks-${CONFIGURATION}-input-files.xcfilelist",
			);
			name = "[CP] Embed Pods Frameworks";
			outputFileListPaths = (
				"${PODS_ROOT}/Target Support Files/Pods-TongueScan_iOS/Pods-TongueScan_iOS-frameworks-${CONFIGURATION}-output-files.xcfilelist",
			);
			runOnlyForDeploymentPostprocessing = 0;
			shellPath = /bin/sh;
			shellScript = "\"${PODS_ROOT}/Target Support Files/Pods-TongueScan_iOS/Pods-TongueScan_iOS-frameworks.sh\"\n";
			showEnvVarsInLog = 0;
		};
		524FC138C5340539F014E14C /* [CP] Check Pods Manifest.lock */ = {
			isa = PBXShellScriptBuildPhase;
			buildActionMask = 2147483647;
			files = (
			);
			inputFileListPaths = (
			);
			inputPaths = (
				"${PODS_PODFILE_DIR_PATH}/Podfile.lock",
				"${PODS_ROOT}/Manifest.lock",
			);
			name = "[CP] Check Pods Manifest.lock";
			outputFileListPaths = (
			);
			outputPaths = (
				"$(DERIVED_FILE_DIR)/Pods-TongueScan_iOSTests-checkManifestLockResult.txt",
			);
			runOnlyForDeploymentPostprocessing = 0;
			shellPath = /bin/sh;
			shellScript = "diff \"${PODS_PODFILE_DIR_PATH}/Podfile.lock\" \"${PODS_ROOT}/Manifest.lock\" > /dev/null\nif [ $? != 0 ] ; then\n    # print error to STDERR\n    echo \"error: The sandbox is not in sync with the Podfile.lock. Run 'pod install' or update your CocoaPods installation.\" >&2\n    exit 1\nfi\n# This output is used by Xcode 'outputs' to avoid re-running this script phase.\necho \"SUCCESS\" > \"${SCRIPT_OUTPUT_FILE_0}\"\n";
			showEnvVarsInLog = 0;
		};
		B37816ED554EA909BC8D3D17 /* [CP] Embed Pods Frameworks */ = {
			isa = PBXShellScriptBuildPhase;
			buildActionMask = 2147483647;
			files = (
			);
			inputFileListPaths = (
				"${PODS_ROOT}/Target Support Files/Pods-TongueScan_iOS-TongueScan_iOSUITests/Pods-TongueScan_iOS-TongueScan_iOSUITests-frameworks-${CONFIGURATION}-input-files.xcfilelist",
			);
			name = "[CP] Embed Pods Frameworks";
			outputFileListPaths = (
				"${PODS_ROOT}/Target Support Files/Pods-TongueScan_iOS-TongueScan_iOSUITests/Pods-TongueScan_iOS-TongueScan_iOSUITests-frameworks-${CONFIGURATION}-output-files.xcfilelist",
			);
			runOnlyForDeploymentPostprocessing = 0;
			shellPath = /bin/sh;
			shellScript = "\"${PODS_ROOT}/Target Support Files/Pods-TongueScan_iOS-TongueScan_iOSUITests/Pods-TongueScan_iOS-TongueScan_iOSUITests-frameworks.sh\"\n";
			showEnvVarsInLog = 0;
		};
/* End PBXShellScriptBuildPhase section */

/* Begin PBXSourcesBuildPhase section */
		CE96E2912A31DBC000EFE49C /* Sources */ = {
			isa = PBXSourcesBuildPhase;
			buildActionMask = 2147483647;
			files = (
				6A4F43292A8DC7BF00C0F06D /* CGImageExtension.swift in Sources */,
				CE9036F62A41577A00184900 /* FrameView.swift in Sources */,
				6A23235E2C28262F0073EB99 /* TextInputView.swift in Sources */,
				CE9036D92A36C82A00184900 /* Webservice.swift in Sources */,
				6AE05B9F2AAAF70300A3E5B7 /* YoloUtil.swift in Sources */,
				6A8C546C2B32E6B6000356CB /* ImageDialog.swift in Sources */,
				6A8B516A2C27ED87008FF12B /* LoginView.swift in Sources */,
				6A8C546A2B2C4380000356CB /* PreferenceUtil.swift in Sources */,
				6A2323672C2A63230073EB99 /* SecureTextInputView.swift in Sources */,
				CE9036E22A39951700184900 /* HomeVM.swift in Sources */,
				6A13F4D72B875EC6004A2A56 /* DialogButtonView.swift in Sources */,
				CE9036D62A36C67300184900 /* Constant.swift in Sources */,
				CE9036DD2A385F1E00184900 /* ResultView.swift in Sources */,
				CE96E2C52A32C78A00EFE49C /* HomeView.swift in Sources */,
				6A2323692C2AA1500073EB99 /* RegisterModel.swift in Sources */,
				6A2323652C29282B0073EB99 /* LoginModel.swift in Sources */,
				CE96E29B2A31DBC000EFE49C /* ContentView.swift in Sources */,
				6A4F43252A8DC3C500C0F06D /* CameraManager.swift in Sources */,
				CE96E2C82A32D2EA00EFE49C /* CardView.swift in Sources */,
				6A86F5E62CC63B370071AEBE /* RecommendListView.swift in Sources */,
				CE9036DB2A3819CB00184900 /* LoadingView.swift in Sources */,
				6A35EE402B2704A900246DE6 /* ImageSlider.swift in Sources */,
				CE9036F52A41577A00184900 /* ErrorView.swift in Sources */,
				6AAB4CBD2C8574A200A1487E /* ClearButton.swift in Sources */,
				CE9036DF2A395B5D00184900 /* UploadImagesResult.swift in Sources */,
				6A5FF0EF2A8A145800CC9905 /* ImageModel.swift in Sources */,
				6AEE159D2CBE71A800886D4F /* PersonalInfoViewVM.swift in Sources */,
				6A26B6D82B85FDBD006C58C3 /* String.swift in Sources */,
				6A4F43262A8DC3C500C0F06D /* FrameManager.swift in Sources */,
				6AEE159B2CBCFC5B00886D4F /* ContentViewVM.swift in Sources */,
				CEDBAB742A415C30004C2947 /* CameraViewVM.swift in Sources */,
				6A8B516C2C27EDF1008FF12B /* LoginVM.swift in Sources */,
				CE9036E42A404F4E00184900 /* WebView.swift in Sources */,
				CE9036CB2A33141000184900 /* CameraView.swift in Sources */,
				6A48542C2BA2E12600EBD741 /* ResultViewVM.swift in Sources */,
				6A2323632C29263D0073EB99 /* APIResponse.swift in Sources */,
				6A105EA12B83401000CFE441 /* Button1View.swift in Sources */,
				6AE05BA12AAAF74B00A3E5B7 /* v8.mlpackage in Sources */,
				6A26B6D12B85B0B7006C58C3 /* ButtonStyle.swift in Sources */,
				6AEE15992CBCF69700886D4F /* DummyModel.swift in Sources */,
				6A13F4D52B8756A8004A2A56 /* TextDialog.swift in Sources */,
				6A86F5E82CC647B10071AEBE /* ProductModel.swift in Sources */,
				6A17AD652C61C9B30032D337 /* iOSCheckboxToggleStyle.swift in Sources */,
				6A25BAC32C2FCCC000A9568A /* PersonalInfoView.swift in Sources */,
				CE96E2992A31DBC000EFE49C /* tongueScan_iOSApp.swift in Sources */,
				6A4F43272A8DC3C500C0F06D /* CameraError.swift in Sources */,
			);
			runOnlyForDeploymentPostprocessing = 0;
		};
		CE96E2A22A31DBC200EFE49C /* Sources */ = {
			isa = PBXSourcesBuildPhase;
			buildActionMask = 2147483647;
			files = (
				CE96E2AB2A31DBC200EFE49C /* tongueScan_iOSTests.swift in Sources */,
			);
			runOnlyForDeploymentPostprocessing = 0;
		};
		CE96E2AC2A31DBC200EFE49C /* Sources */ = {
			isa = PBXSourcesBuildPhase;
			buildActionMask = 2147483647;
			files = (
				CE96E2B72A31DBC200EFE49C /* tongueScan_iOSUITestsLaunchTests.swift in Sources */,
				CE96E2B52A31DBC200EFE49C /* tongueScan_iOSUITests.swift in Sources */,
			);
			runOnlyForDeploymentPostprocessing = 0;
		};
/* End PBXSourcesBuildPhase section */

/* Begin PBXTargetDependency section */
		CE96E2A82A31DBC200EFE49C /* PBXTargetDependency */ = {
			isa = PBXTargetDependency;
			target = CE96E2942A31DBC000EFE49C /* TongueScan_iOS */;
			targetProxy = CE96E2A72A31DBC200EFE49C /* PBXContainerItemProxy */;
		};
		CE96E2B22A31DBC200EFE49C /* PBXTargetDependency */ = {
			isa = PBXTargetDependency;
			target = CE96E2942A31DBC000EFE49C /* TongueScan_iOS */;
			targetProxy = CE96E2B12A31DBC200EFE49C /* PBXContainerItemProxy */;
		};
/* End PBXTargetDependency section */

/* Begin PBXVariantGroup section */
		CE9036C22A32DFDC00184900 /* Localizable.strings */ = {
			isa = PBXVariantGroup;
			children = (
				CE9036C12A32DFDC00184900 /* en */,
				6AD8E8992B33FACD00D90D99 /* zh-HK */,
				6A134F342BA7EB22001A8DD0 /* zh-Hans */,
			);
			name = Localizable.strings;
			sourceTree = "<group>";
		};
		CE9691EA2A4168930067AE4A /* InfoPlist.strings */ = {
			isa = PBXVariantGroup;
			children = (
				CE9691EB2A4168990067AE4A /* en */,
				6AD8E8982B33FACD00D90D99 /* zh-HK */,
				6A134F332BA7EB22001A8DD0 /* zh-Hans */,
			);
			name = InfoPlist.strings;
			sourceTree = "<group>";
		};
/* End PBXVariantGroup section */

/* Begin XCBuildConfiguration section */
		CE96E2B82A31DBC200EFE49C /* Debug */ = {
			isa = XCBuildConfiguration;
			buildSettings = {
				ALWAYS_SEARCH_USER_PATHS = NO;
				CLANG_ANALYZER_LOCALIZABILITY_NONLOCALIZED = YES;
				CLANG_ANALYZER_NONNULL = YES;
				CLANG_ANALYZER_NUMBER_OBJECT_CONVERSION = YES_AGGRESSIVE;
				CLANG_CXX_LANGUAGE_STANDARD = "gnu++20";
				CLANG_ENABLE_MODULES = YES;
				CLANG_ENABLE_OBJC_ARC = YES;
				CLANG_ENABLE_OBJC_WEAK = YES;
				CLANG_WARN_BLOCK_CAPTURE_AUTORELEASING = YES;
				CLANG_WARN_BOOL_CONVERSION = YES;
				CLANG_WARN_COMMA = YES;
				CLANG_WARN_CONSTANT_CONVERSION = YES;
				CLANG_WARN_DEPRECATED_OBJC_IMPLEMENTATIONS = YES;
				CLANG_WARN_DIRECT_OBJC_ISA_USAGE = YES_ERROR;
				CLANG_WARN_DOCUMENTATION_COMMENTS = YES;
				CLANG_WARN_EMPTY_BODY = YES;
				CLANG_WARN_ENUM_CONVERSION = YES;
				CLANG_WARN_INFINITE_RECURSION = YES;
				CLANG_WARN_INT_CONVERSION = YES;
				CLANG_WARN_NON_LITERAL_NULL_CONVERSION = YES;
				CLANG_WARN_OBJC_IMPLICIT_RETAIN_SELF = YES;
				CLANG_WARN_OBJC_LITERAL_CONVERSION = YES;
				CLANG_WARN_OBJC_ROOT_CLASS = YES_ERROR;
				CLANG_WARN_QUOTED_INCLUDE_IN_FRAMEWORK_HEADER = YES;
				CLANG_WARN_RANGE_LOOP_ANALYSIS = YES;
				CLANG_WARN_STRICT_PROTOTYPES = YES;
				CLANG_WARN_SUSPICIOUS_MOVE = YES;
				CLANG_WARN_UNGUARDED_AVAILABILITY = YES_AGGRESSIVE;
				CLANG_WARN_UNREACHABLE_CODE = YES;
				CLANG_WARN__DUPLICATE_METHOD_MATCH = YES;
				COPY_PHASE_STRIP = NO;
				DEAD_CODE_STRIPPING = YES;
				DEBUG_INFORMATION_FORMAT = dwarf;
				ENABLE_STRICT_OBJC_MSGSEND = YES;
				ENABLE_TESTABILITY = YES;
				GCC_C_LANGUAGE_STANDARD = gnu11;
				GCC_DYNAMIC_NO_PIC = NO;
				GCC_NO_COMMON_BLOCKS = YES;
				GCC_OPTIMIZATION_LEVEL = 0;
				GCC_PREPROCESSOR_DEFINITIONS = (
					"DEBUG=1",
					"$(inherited)",
				);
				GCC_WARN_64_TO_32_BIT_CONVERSION = YES;
				GCC_WARN_ABOUT_RETURN_TYPE = YES_ERROR;
				GCC_WARN_UNDECLARED_SELECTOR = YES;
				GCC_WARN_UNINITIALIZED_AUTOS = YES_AGGRESSIVE;
				GCC_WARN_UNUSED_FUNCTION = YES;
				GCC_WARN_UNUSED_VARIABLE = YES;
				INFOPLIST_KEY_NSCameraUsageDescription = "";
				MTL_ENABLE_DEBUG_INFO = INCLUDE_SOURCE;
				MTL_FAST_MATH = YES;
				ONLY_ACTIVE_ARCH = YES;
				SWIFT_ACTIVE_COMPILATION_CONDITIONS = DEBUG;
				SWIFT_OPTIMIZATION_LEVEL = "-Onone";
			};
			name = Debug;
		};
		CE96E2B92A31DBC200EFE49C /* Release */ = {
			isa = XCBuildConfiguration;
			buildSettings = {
				ALWAYS_SEARCH_USER_PATHS = NO;
				CLANG_ANALYZER_LOCALIZABILITY_NONLOCALIZED = YES;
				CLANG_ANALYZER_NONNULL = YES;
				CLANG_ANALYZER_NUMBER_OBJECT_CONVERSION = YES_AGGRESSIVE;
				CLANG_CXX_LANGUAGE_STANDARD = "gnu++20";
				CLANG_ENABLE_MODULES = YES;
				CLANG_ENABLE_OBJC_ARC = YES;
				CLANG_ENABLE_OBJC_WEAK = YES;
				CLANG_WARN_BLOCK_CAPTURE_AUTORELEASING = YES;
				CLANG_WARN_BOOL_CONVERSION = YES;
				CLANG_WARN_COMMA = YES;
				CLANG_WARN_CONSTANT_CONVERSION = YES;
				CLANG_WARN_DEPRECATED_OBJC_IMPLEMENTATIONS = YES;
				CLANG_WARN_DIRECT_OBJC_ISA_USAGE = YES_ERROR;
				CLANG_WARN_DOCUMENTATION_COMMENTS = YES;
				CLANG_WARN_EMPTY_BODY = YES;
				CLANG_WARN_ENUM_CONVERSION = YES;
				CLANG_WARN_INFINITE_RECURSION = YES;
				CLANG_WARN_INT_CONVERSION = YES;
				CLANG_WARN_NON_LITERAL_NULL_CONVERSION = YES;
				CLANG_WARN_OBJC_IMPLICIT_RETAIN_SELF = YES;
				CLANG_WARN_OBJC_LITERAL_CONVERSION = YES;
				CLANG_WARN_OBJC_ROOT_CLASS = YES_ERROR;
				CLANG_WARN_QUOTED_INCLUDE_IN_FRAMEWORK_HEADER = YES;
				CLANG_WARN_RANGE_LOOP_ANALYSIS = YES;
				CLANG_WARN_STRICT_PROTOTYPES = YES;
				CLANG_WARN_SUSPICIOUS_MOVE = YES;
				CLANG_WARN_UNGUARDED_AVAILABILITY = YES_AGGRESSIVE;
				CLANG_WARN_UNREACHABLE_CODE = YES;
				CLANG_WARN__DUPLICATE_METHOD_MATCH = YES;
				COPY_PHASE_STRIP = NO;
				DEAD_CODE_STRIPPING = YES;
				DEBUG_INFORMATION_FORMAT = "dwarf-with-dsym";
				ENABLE_NS_ASSERTIONS = NO;
				ENABLE_STRICT_OBJC_MSGSEND = YES;
				GCC_C_LANGUAGE_STANDARD = gnu11;
				GCC_NO_COMMON_BLOCKS = YES;
				GCC_WARN_64_TO_32_BIT_CONVERSION = YES;
				GCC_WARN_ABOUT_RETURN_TYPE = YES_ERROR;
				GCC_WARN_UNDECLARED_SELECTOR = YES;
				GCC_WARN_UNINITIALIZED_AUTOS = YES_AGGRESSIVE;
				GCC_WARN_UNUSED_FUNCTION = YES;
				GCC_WARN_UNUSED_VARIABLE = YES;
				INFOPLIST_KEY_NSCameraUsageDescription = "";
				MTL_ENABLE_DEBUG_INFO = NO;
				MTL_FAST_MATH = YES;
				SWIFT_COMPILATION_MODE = wholemodule;
				SWIFT_OPTIMIZATION_LEVEL = "-O";
			};
			name = Release;
		};
		CE96E2BB2A31DBC200EFE49C /* Debug */ = {
			isa = XCBuildConfiguration;
			baseConfigurationReference = FCA5AC0299C92A57C656425C /* Pods-TongueScan_iOS.debug.xcconfig */;
			buildSettings = {
				ASSETCATALOG_COMPILER_APPICON_NAME = AppIcon;
				ASSETCATALOG_COMPILER_GLOBAL_ACCENT_COLOR_NAME = AccentColor;
				CODE_SIGN_ENTITLEMENTS = tongueScan_iOS/tongueScan_iOS.entitlements;
				CODE_SIGN_IDENTITY = "Apple Development";
				"CODE_SIGN_IDENTITY[sdk=macosx*]" = "Apple Development";
				CODE_SIGN_STYLE = Automatic;
				CURRENT_PROJECT_VERSION = 1;
				DEAD_CODE_STRIPPING = YES;
				DEVELOPMENT_ASSET_PATHS = Assets.xcassets;
				DEVELOPMENT_TEAM = 7385ZQ7MS4;
				ENABLE_HARDENED_RUNTIME = YES;
				ENABLE_PREVIEWS = YES;
				GENERATE_INFOPLIST_FILE = YES;
				INFOPLIST_FILE = "tongueScan-iOS-Info.plist";
				INFOPLIST_KEY_ITSAppUsesNonExemptEncryption = NO;
				INFOPLIST_KEY_LSApplicationCategoryType = "public.app-category.utilities";
				INFOPLIST_KEY_NSCameraUsageDescription = "This app uses the camera to capture tongue image.";
				INFOPLIST_KEY_NSPhotoLibraryAddUsageDescription = "This app uses the photo library to save the captured tongue image.";
				"INFOPLIST_KEY_UIApplicationSceneManifest_Generation[sdk=iphoneos*]" = YES;
				"INFOPLIST_KEY_UIApplicationSceneManifest_Generation[sdk=iphonesimulator*]" = YES;
				"INFOPLIST_KEY_UIApplicationSupportsIndirectInputEvents[sdk=iphoneos*]" = YES;
				"INFOPLIST_KEY_UIApplicationSupportsIndirectInputEvents[sdk=iphonesimulator*]" = YES;
				"INFOPLIST_KEY_UILaunchScreen_Generation[sdk=iphoneos*]" = YES;
				"INFOPLIST_KEY_UILaunchScreen_Generation[sdk=iphonesimulator*]" = YES;
				INFOPLIST_KEY_UIRequiresFullScreen = YES;
				"INFOPLIST_KEY_UIStatusBarStyle[sdk=iphoneos*]" = UIStatusBarStyleDefault;
				"INFOPLIST_KEY_UIStatusBarStyle[sdk=iphonesimulator*]" = UIStatusBarStyleDefault;
				INFOPLIST_KEY_UISupportedInterfaceOrientations_iPad = "UIInterfaceOrientationPortrait UIInterfaceOrientationPortraitUpsideDown";
				INFOPLIST_KEY_UISupportedInterfaceOrientations_iPhone = UIInterfaceOrientationPortrait;
				IPHONEOS_DEPLOYMENT_TARGET = 17.0;
				LD_RUNPATH_SEARCH_PATHS = "@executable_path/Frameworks";
				"LD_RUNPATH_SEARCH_PATHS[sdk=macosx*]" = "@executable_path/../Frameworks";
				MACOSX_DEPLOYMENT_TARGET = 13.3;
				MARKETING_VERSION = 1.4;
				PRODUCT_BUNDLE_IDENTIFIER = "com.ecbot.tongueScan-iOS";
				PRODUCT_NAME = TongueScan;
				PROVISIONING_PROFILE_SPECIFIER = "";
				SDKROOT = auto;
				SUPPORTED_PLATFORMS = "iphoneos iphonesimulator macosx";
				SWIFT_EMIT_LOC_STRINGS = YES;
				SWIFT_VERSION = 5.0;
				TARGETED_DEVICE_FAMILY = "1,2";
			};
			name = Debug;
		};
		CE96E2BC2A31DBC200EFE49C /* Release */ = {
			isa = XCBuildConfiguration;
			baseConfigurationReference = 241C929A0D7B6A7E3F37EB63 /* Pods-TongueScan_iOS.release.xcconfig */;
			buildSettings = {
				ASSETCATALOG_COMPILER_APPICON_NAME = AppIcon;
				ASSETCATALOG_COMPILER_GLOBAL_ACCENT_COLOR_NAME = AccentColor;
				CODE_SIGN_ENTITLEMENTS = tongueScan_iOS/tongueScan_iOS.entitlements;
				CODE_SIGN_IDENTITY = "Apple Development";
				"CODE_SIGN_IDENTITY[sdk=macosx*]" = "Apple Development";
				CODE_SIGN_STYLE = Automatic;
				CURRENT_PROJECT_VERSION = 1;
				DEAD_CODE_STRIPPING = YES;
				DEVELOPMENT_ASSET_PATHS = Assets.xcassets;
				DEVELOPMENT_TEAM = 7385ZQ7MS4;
				ENABLE_HARDENED_RUNTIME = YES;
				ENABLE_PREVIEWS = YES;
				GENERATE_INFOPLIST_FILE = YES;
				INFOPLIST_FILE = "tongueScan-iOS-Info.plist";
				INFOPLIST_KEY_ITSAppUsesNonExemptEncryption = NO;
				INFOPLIST_KEY_LSApplicationCategoryType = "public.app-category.utilities";
				INFOPLIST_KEY_NSCameraUsageDescription = "This app uses the camera to capture tongue image.";
				INFOPLIST_KEY_NSPhotoLibraryAddUsageDescription = "This app uses the photo library to save the captured tongue image.";
				"INFOPLIST_KEY_UIApplicationSceneManifest_Generation[sdk=iphoneos*]" = YES;
				"INFOPLIST_KEY_UIApplicationSceneManifest_Generation[sdk=iphonesimulator*]" = YES;
				"INFOPLIST_KEY_UIApplicationSupportsIndirectInputEvents[sdk=iphoneos*]" = YES;
				"INFOPLIST_KEY_UIApplicationSupportsIndirectInputEvents[sdk=iphonesimulator*]" = YES;
				"INFOPLIST_KEY_UILaunchScreen_Generation[sdk=iphoneos*]" = YES;
				"INFOPLIST_KEY_UILaunchScreen_Generation[sdk=iphonesimulator*]" = YES;
				INFOPLIST_KEY_UIRequiresFullScreen = YES;
				"INFOPLIST_KEY_UIStatusBarStyle[sdk=iphoneos*]" = UIStatusBarStyleDefault;
				"INFOPLIST_KEY_UIStatusBarStyle[sdk=iphonesimulator*]" = UIStatusBarStyleDefault;
				INFOPLIST_KEY_UISupportedInterfaceOrientations_iPad = "UIInterfaceOrientationPortrait UIInterfaceOrientationPortraitUpsideDown";
				INFOPLIST_KEY_UISupportedInterfaceOrientations_iPhone = UIInterfaceOrientationPortrait;
				IPHONEOS_DEPLOYMENT_TARGET = 17.0;
				LD_RUNPATH_SEARCH_PATHS = "@executable_path/Frameworks";
				"LD_RUNPATH_SEARCH_PATHS[sdk=macosx*]" = "@executable_path/../Frameworks";
				MACOSX_DEPLOYMENT_TARGET = 13.3;
				MARKETING_VERSION = 1.4;
				PRODUCT_BUNDLE_IDENTIFIER = "com.ecbot.tongueScan-iOS";
				PRODUCT_NAME = TongueScan;
				PROVISIONING_PROFILE_SPECIFIER = "";
				SDKROOT = auto;
				SUPPORTED_PLATFORMS = "iphoneos iphonesimulator macosx";
				SWIFT_EMIT_LOC_STRINGS = YES;
				SWIFT_VERSION = 5.0;
				TARGETED_DEVICE_FAMILY = "1,2";
			};
			name = Release;
		};
		CE96E2BE2A31DBC200EFE49C /* Debug */ = {
			isa = XCBuildConfiguration;
			baseConfigurationReference = 4907DAC2236C6F755DAB643F /* Pods-TongueScan_iOSTests.debug.xcconfig */;
			buildSettings = {
				ALWAYS_EMBED_SWIFT_STANDARD_LIBRARIES = YES;
				BUNDLE_LOADER = "$(TEST_HOST)";
				CODE_SIGN_STYLE = Automatic;
				CURRENT_PROJECT_VERSION = 1;
				DEAD_CODE_STRIPPING = YES;
				DEVELOPMENT_TEAM = F3VWMCA3LR;
				GENERATE_INFOPLIST_FILE = YES;
				IPHONEOS_DEPLOYMENT_TARGET = 16.4;
				MACOSX_DEPLOYMENT_TARGET = 13.3;
				MARKETING_VERSION = 1.0;
				PRODUCT_BUNDLE_IDENTIFIER = "Kayd3n.tongueRecognition-iOSTests";
				PRODUCT_NAME = "$(TARGET_NAME)";
				SDKROOT = auto;
				SUPPORTED_PLATFORMS = "iphoneos iphonesimulator macosx";
				SWIFT_EMIT_LOC_STRINGS = NO;
				SWIFT_VERSION = 5.0;
				TARGETED_DEVICE_FAMILY = "1,2";
				TEST_HOST = "$(BUILT_PRODUCTS_DIR)/TongueScan_iOS.app/$(BUNDLE_EXECUTABLE_FOLDER_PATH)/TongueScan_iOS";
			};
			name = Debug;
		};
		CE96E2BF2A31DBC200EFE49C /* Release */ = {
			isa = XCBuildConfiguration;
			baseConfigurationReference = 779DC52BC96D5BB95A135F20 /* Pods-TongueScan_iOSTests.release.xcconfig */;
			buildSettings = {
				ALWAYS_EMBED_SWIFT_STANDARD_LIBRARIES = YES;
				BUNDLE_LOADER = "$(TEST_HOST)";
				CODE_SIGN_STYLE = Automatic;
				CURRENT_PROJECT_VERSION = 1;
				DEAD_CODE_STRIPPING = YES;
				DEVELOPMENT_TEAM = F3VWMCA3LR;
				GENERATE_INFOPLIST_FILE = YES;
				IPHONEOS_DEPLOYMENT_TARGET = 16.4;
				MACOSX_DEPLOYMENT_TARGET = 13.3;
				MARKETING_VERSION = 1.0;
				PRODUCT_BUNDLE_IDENTIFIER = "Kayd3n.tongueRecognition-iOSTests";
				PRODUCT_NAME = "$(TARGET_NAME)";
				SDKROOT = auto;
				SUPPORTED_PLATFORMS = "iphoneos iphonesimulator macosx";
				SWIFT_EMIT_LOC_STRINGS = NO;
				SWIFT_VERSION = 5.0;
				TARGETED_DEVICE_FAMILY = "1,2";
				TEST_HOST = "$(BUILT_PRODUCTS_DIR)/TongueScan_iOS.app/$(BUNDLE_EXECUTABLE_FOLDER_PATH)/TongueScan_iOS";
			};
			name = Release;
		};
		CE96E2C12A31DBC200EFE49C /* Debug */ = {
			isa = XCBuildConfiguration;
			baseConfigurationReference = AA24AA0D9E490EC8159D4056 /* Pods-TongueScan_iOS-TongueScan_iOSUITests.debug.xcconfig */;
			buildSettings = {
				ALWAYS_EMBED_SWIFT_STANDARD_LIBRARIES = YES;
				CODE_SIGN_STYLE = Automatic;
				CURRENT_PROJECT_VERSION = 1;
				DEAD_CODE_STRIPPING = YES;
				DEVELOPMENT_TEAM = F3VWMCA3LR;
				GENERATE_INFOPLIST_FILE = YES;
				IPHONEOS_DEPLOYMENT_TARGET = 16.4;
				MACOSX_DEPLOYMENT_TARGET = 13.3;
				MARKETING_VERSION = 1.0;
				PRODUCT_BUNDLE_IDENTIFIER = "Kayd3n.tongueRecognition-iOSUITests";
				PRODUCT_NAME = "$(TARGET_NAME)";
				SDKROOT = auto;
				SUPPORTED_PLATFORMS = "iphoneos iphonesimulator macosx";
				SWIFT_EMIT_LOC_STRINGS = NO;
				SWIFT_VERSION = 5.0;
				TARGETED_DEVICE_FAMILY = "1,2";
				TEST_TARGET_NAME = tongueRecognition_iOS;
			};
			name = Debug;
		};
		CE96E2C22A31DBC200EFE49C /* Release */ = {
			isa = XCBuildConfiguration;
			baseConfigurationReference = B759F9E738ABE739DBB7456A /* Pods-TongueScan_iOS-TongueScan_iOSUITests.release.xcconfig */;
			buildSettings = {
				ALWAYS_EMBED_SWIFT_STANDARD_LIBRARIES = YES;
				CODE_SIGN_STYLE = Automatic;
				CURRENT_PROJECT_VERSION = 1;
				DEAD_CODE_STRIPPING = YES;
				DEVELOPMENT_TEAM = F3VWMCA3LR;
				GENERATE_INFOPLIST_FILE = YES;
				IPHONEOS_DEPLOYMENT_TARGET = 16.4;
				MACOSX_DEPLOYMENT_TARGET = 13.3;
				MARKETING_VERSION = 1.0;
				PRODUCT_BUNDLE_IDENTIFIER = "Kayd3n.tongueRecognition-iOSUITests";
				PRODUCT_NAME = "$(TARGET_NAME)";
				SDKROOT = auto;
				SUPPORTED_PLATFORMS = "iphoneos iphonesimulator macosx";
				SWIFT_EMIT_LOC_STRINGS = NO;
				SWIFT_VERSION = 5.0;
				TARGETED_DEVICE_FAMILY = "1,2";
				TEST_TARGET_NAME = tongueRecognition_iOS;
			};
			name = Release;
		};
/* End XCBuildConfiguration section */

/* Begin XCConfigurationList section */
		CE96E2902A31DBC000EFE49C /* Build configuration list for PBXProject "TongueScan_iOS" */ = {
			isa = XCConfigurationList;
			buildConfigurations = (
				CE96E2B82A31DBC200EFE49C /* Debug */,
				CE96E2B92A31DBC200EFE49C /* Release */,
			);
			defaultConfigurationIsVisible = 0;
			defaultConfigurationName = Release;
		};
		CE96E2BA2A31DBC200EFE49C /* Build configuration list for PBXNativeTarget "TongueScan_iOS" */ = {
			isa = XCConfigurationList;
			buildConfigurations = (
				CE96E2BB2A31DBC200EFE49C /* Debug */,
				CE96E2BC2A31DBC200EFE49C /* Release */,
			);
			defaultConfigurationIsVisible = 0;
			defaultConfigurationName = Release;
		};
		CE96E2BD2A31DBC200EFE49C /* Build configuration list for PBXNativeTarget "TongueScan_iOSTests" */ = {
			isa = XCConfigurationList;
			buildConfigurations = (
				CE96E2BE2A31DBC200EFE49C /* Debug */,
				CE96E2BF2A31DBC200EFE49C /* Release */,
			);
			defaultConfigurationIsVisible = 0;
			defaultConfigurationName = Release;
		};
		CE96E2C02A31DBC200EFE49C /* Build configuration list for PBXNativeTarget "TongueScan_iOSUITests" */ = {
			isa = XCConfigurationList;
			buildConfigurations = (
				CE96E2C12A31DBC200EFE49C /* Debug */,
				CE96E2C22A31DBC200EFE49C /* Release */,
			);
			defaultConfigurationIsVisible = 0;
			defaultConfigurationName = Release;
		};
/* End XCConfigurationList section */
	};
	rootObject = CE96E28D2A31DBC000EFE49C /* Project object */;
}
